
Microsoft Visual Studio Solution File, Format Version 12.00
# Visual Studio 15
VisualStudioVersion = 15.0.27130.2027
MinimumVisualStudioVersion = 10.0.40219.1
Project("{FAE04EC0-301F-11D3-BF4B-00C04F79EFBC}") = "InnoWeb.Applications.Pdf.Splitter", "InnoWeb.Applications.Pdf.Splitter\InnoWeb.Applications.Pdf.Splitter.csproj", "{3CE474E2-5650-4391-B588-F8DF7590D589}"
EndProject
Global
	GlobalSection(SolutionConfigurationPlatforms) = preSolution
		Debug|Any CPU = Debug|Any CPU
		Release|Any CPU = Release|Any CPU
	EndGlobalSection
	GlobalSection(ProjectConfigurationPlatforms) = postSolution
		{3CE474E2-5650-4391-B588-F8DF7590D589}.Debug|Any CPU.ActiveCfg = Debug|Any CPU
		{3CE474E2-5650-4391-B588-F8DF7590D589}.Debug|Any CPU.Build.0 = Debug|Any CPU
		{3CE474E2-5650-4391-B588-F8DF7590D589}.Release|Any CPU.ActiveCfg = Release|Any CPU
		{3CE474E2-5650-4391-B588-F8DF7590D589}.Release|Any CPU.Build.0 = Release|Any CPU
	EndGlobalSection
	GlobalSection(SolutionProperties) = preSolution
		HideSolutionNode = FALSE
	EndGlobalSection
	GlobalSection(ExtensibilityGlobals) = postSolution
		SolutionGuid = {CA026FA0-8B00-4CD9-AFF8-F0859456AB93}
	EndGlobalSection
EndGlobal
